// !$*UTF8*$!
{
	archiveVersion = 1;
	classes = {
	};
	objectVersion = 50;
	objects = {

/* Begin PBXBuildFile section */
		FB70F3D3218B3C4F008B9357 /* AppDelegate.swift in Sources */ = {isa = PBXBuildFile; fileRef = FB70F3D2218B3C4F008B9357 /* AppDelegate.swift */; };
		FB70F3D5218B3C4F008B9357 /* CreativityViewController.swift in Sources */ = {isa = PBXBuildFile; fileRef = FB70F3D4218B3C4F008B9357 /* CreativityViewController.swift */; };
		FB70F3D8218B3C4F008B9357 /* Main.storyboard in Resources */ = {isa = PBXBuildFile; fileRef = FB70F3D6218B3C4F008B9357 /* Main.storyboard */; };
		FB70F3DA218B3C54008B9357 /* Assets.xcassets in Resources */ = {isa = PBXBuildFile; fileRef = FB70F3D9218B3C54008B9357 /* Assets.xcassets */; };
		FB70F3DD218B3C54008B9357 /* LaunchScreen.storyboard in Resources */ = {isa = PBXBuildFile; fileRef = FB70F3DB218B3C54008B9357 /* LaunchScreen.storyboard */; };
		FB70F3E8218B4B54008B9357 /* DrawingView.swift in Sources */ = {isa = PBXBuildFile; fileRef = FB70F3E7218B4B54008B9357 /* DrawingView.swift */; };
/* End PBXBuildFile section */

/* Begin PBXFileReference section */
		FB70F3CF218B3C4F008B9357 /* CreativityProject.app */ = {isa = PBXFileReference; explicitFileType = wrapper.application; includeInIndex = 0; path = CreativityProject.app; sourceTree = BUILT_PRODUCTS_DIR; };
		FB70F3D2218B3C4F008B9357 /* AppDelegate.swift */ = {isa = PBXFileReference; lastKnownFileType = sourcecode.swift; path = AppDelegate.swift; sourceTree = "<group>"; };
		FB70F3D4218B3C4F008B9357 /* CreativityViewController.swift */ = {isa = PBXFileReference; lastKnownFileType = sourcecode.swift; path = CreativityViewController.swift; sourceTree = "<group>"; };
		FB70F3D7218B3C4F008B9357 /* Base */ = {isa = PBXFileReference; lastKnownFileType = file.storyboard; name = Base; path = Base.lproj/Main.storyboard; sourceTree = "<group>"; };
		FB70F3D9218B3C54008B9357 /* Assets.xcassets */ = {isa = PBXFileReference; lastKnownFileType = folder.assetcatalog; path = Assets.xcassets; sourceTree = "<group>"; };
		FB70F3DC218B3C54008B9357 /* Base */ = {isa = PBXFileReference; lastKnownFileType = file.storyboard; name = Base; path = Base.lproj/LaunchScreen.storyboard; sourceTree = "<group>"; };
		FB70F3DE218B3C54008B9357 /* Info.plist */ = {isa = PBXFileReference; lastKnownFileType = text.plist.xml; path = Info.plist; sourceTree = "<group>"; };
		FB70F3E7218B4B54008B9357 /* DrawingView.swift */ = {isa = PBXFileReference; lastKnownFileType = sourcecode.swift; path = DrawingView.swift; sourceTree = "<group>"; };
/* End PBXFileReference section */

/* Begin PBXFrameworksBuildPhase section */
		FB70F3CC218B3C4F008B9357 /* Frameworks */ = {
			isa = PBXFrameworksBuildPhase;
			buildActionMask = 2147483647;
			files = (
			);
			runOnlyForDeploymentPostprocessing = 0;
		};
/* End PBXFrameworksBuildPhase section */

/* Begin PBXGroup section */
		FB70F3C6218B3C4F008B9357 = {
			isa = PBXGroup;
			children = (
				FB70F3D1218B3C4F008B9357 /* CreativityProject */,
				FB70F3D0218B3C4F008B9357 /* Products */,
			);
			sourceTree = "<group>";
		};
		FB70F3D0218B3C4F008B9357 /* Products */ = {
			isa = PBXGroup;
			children = (
				FB70F3CF218B3C4F008B9357 /* CreativityProject.app */,
			);
			name = Products;
			sourceTree = "<group>";
		};
		FB70F3D1218B3C4F008B9357 /* CreativityProject */ = {
			isa = PBXGroup;
			children = (
				FB70F3E5218B3D1A008B9357 /* Resources */,
				FB70F3E4218B3CFF008B9357 /* Controller */,
				FB70F3E6218B3D33008B9357 /* View */,
			);
			path = CreativityProject;
			sourceTree = "<group>";
		};
		FB70F3E4218B3CFF008B9357 /* Controller */ = {
			isa = PBXGroup;
			children = (
				FB70F3D4218B3C4F008B9357 /* CreativityViewController.swift */,
			);
			path = Controller;
			sourceTree = "<group>";
		};
		FB70F3E5218B3D1A008B9357 /* Resources */ = {
			isa = PBXGroup;
			children = (
				FB70F3D2218B3C4F008B9357 /* AppDelegate.swift */,
				FB70F3D9218B3C54008B9357 /* Assets.xcassets */,
				FB70F3DE218B3C54008B9357 /* Info.plist */,
			);
			path = Resources;
			sourceTree = "<group>";
		};
		FB70F3E6218B3D33008B9357 /* View */ = {
			isa = PBXGroup;
			children = (
				FB70F3D6218B3C4F008B9357 /* Main.storyboard */,
				FB70F3DB218B3C54008B9357 /* LaunchScreen.storyboard */,
				FB70F3E7218B4B54008B9357 /* DrawingView.swift */,
			);
			path = View;
			sourceTree = "<group>";
		};
/* End PBXGroup section */

/* Begin PBXNativeTarget section */
		FB70F3CE218B3C4F008B9357 /* CreativityProject */ = {
			isa = PBXNativeTarget;
			buildConfigurationList = FB70F3E1218B3C54008B9357 /* Build configuration list for PBXNativeTarget "CreativityProject" */;
			buildPhases = (
				FB70F3CB218B3C4F008B9357 /* Sources */,
				FB70F3CC218B3C4F008B9357 /* Frameworks */,
				FB70F3CD218B3C4F008B9357 /* Resources */,
			);
			buildRules = (
			);
			dependencies = (
			);
			name = CreativityProject;
			productName = CreativityProject;
			productReference = FB70F3CF218B3C4F008B9357 /* CreativityProject.app */;
			productType = "com.apple.product-type.application";
		};
/* End PBXNativeTarget section */

/* Begin PBXProject section */
		FB70F3C7218B3C4F008B9357 /* Project object */ = {
			isa = PBXProject;
			attributes = {
				LastSwiftUpdateCheck = 0940;
				LastUpgradeCheck = 0940;
				ORGANIZATIONNAME = "Judkins, Jensen";
				TargetAttributes = {
					FB70F3CE218B3C4F008B9357 = {
						CreatedOnToolsVersion = 9.4.1;
					};
				};
			};
			buildConfigurationList = FB70F3CA218B3C4F008B9357 /* Build configuration list for PBXProject "CreativityProject" */;
			compatibilityVersion = "Xcode 9.3";
			developmentRegion = en;
			hasScannedForEncodings = 0;
			knownRegions = (
				en,
				Base,
			);
			mainGroup = FB70F3C6218B3C4F008B9357;
			productRefGroup = FB70F3D0218B3C4F008B9357 /* Products */;
			projectDirPath = "";
			projectRoot = "";
			targets = (
				FB70F3CE218B3C4F008B9357 /* CreativityProject */,
			);
		};
/* End PBXProject section */

/* Begin PBXResourcesBuildPhase section */
		FB70F3CD218B3C4F008B9357 /* Resources */ = {
			isa = PBXResourcesBuildPhase;
			buildActionMask = 2147483647;
			files = (
				FB70F3DD218B3C54008B9357 /* LaunchScreen.storyboard in Resources */,
				FB70F3DA218B3C54008B9357 /* Assets.xcassets in Resources */,
				FB70F3D8218B3C4F008B9357 /* Main.storyboard in Resources */,
			);
			runOnlyForDeploymentPostprocessing = 0;
		};
/* End PBXResourcesBuildPhase section */

/* Begin PBXSourcesBuildPhase section */
		FB70F3CB218B3C4F008B9357 /* Sources */ = {
			isa = PBXSourcesBuildPhase;
			buildActionMask = 2147483647;
			files = (
				FB70F3E8218B4B54008B9357 /* DrawingView.swift in Sources */,
				FB70F3D5218B3C4F008B9357 /* CreativityViewController.swift in Sources */,
				FB70F3D3218B3C4F008B9357 /* AppDelegate.swift in Sources */,
			);
			runOnlyForDeploymentPostprocessing = 0;
		};
/* End PBXSourcesBuildPhase section */

/* Begin PBXVariantGroup section */
		FB70F3D6218B3C4F008B9357 /* Main.storyboard */ = {
			isa = PBXVariantGroup;
			children = (
				FB70F3D7218B3C4F008B9357 /* Base */,
			);
			name = Main.storyboard;
			sourceTree = "<group>";
		};
		FB70F3DB218B3C54008B9357 /* LaunchScreen.storyboard */ = {
			isa = PBXVariantGroup;
			children = (
				FB70F3DC218B3C54008B9357 /* Base */,
			);
			name = LaunchScreen.storyboard;
			sourceTree = "<group>";
		};
/* End PBXVariantGroup section */

/* Begin XCBuildConfiguration section */
		FB70F3DF218B3C54008B9357 /* Debug */ = {
			isa = XCBuildConfiguration;
			buildSettings = {
				ALWAYS_SEARCH_USER_PATHS = NO;
				CLANG_ANALYZER_NONNULL = YES;
				CLANG_ANALYZER_NUMBER_OBJECT_CONVERSION = YES_AGGRESSIVE;
				CLANG_CXX_LANGUAGE_STANDARD = "gnu++14";
				CLANG_CXX_LIBRARY = "libc++";
				CLANG_ENABLE_MODULES = YES;
				CLANG_ENABLE_OBJC_ARC = YES;
				CLANG_ENABLE_OBJC_WEAK = YES;
				CLANG_WARN_BLOCK_CAPTURE_AUTORELEASING = YES;
				CLANG_WARN_BOOL_CONVERSION = YES;
				CLANG_WARN_COMMA = YES;
				CLANG_WARN_CONSTANT_CONVERSION = YES;
				CLANG_WARN_DEPRECATED_OBJC_IMPLEMENTATIONS = YES;
				CLANG_WARN_DIRECT_OBJC_ISA_USAGE = YES_ERROR;
				CLANG_WARN_DOCUMENTATION_COMMENTS = YES;
				CLANG_WARN_EMPTY_BODY = YES;
				CLANG_WARN_ENUM_CONVERSION = YES;
				CLANG_WARN_INFINITE_RECURSION = YES;
				CLANG_WARN_INT_CONVERSION = YES;
				CLANG_WARN_NON_LITERAL_NULL_CONVERSION = YES;
				CLANG_WARN_OBJC_IMPLICIT_RETAIN_SELF = YES;
				CLANG_WARN_OBJC_LITERAL_CONVERSION = YES;
				CLANG_WARN_OBJC_ROOT_CLASS = YES_ERROR;
				CLANG_WARN_RANGE_LOOP_ANALYSIS = YES;
				CLANG_WARN_STRICT_PROTOTYPES = YES;
				CLANG_WARN_SUSPICIOUS_MOVE = YES;
				CLANG_WARN_UNGUARDED_AVAILABILITY = YES_AGGRESSIVE;
				CLANG_WARN_UNREACHABLE_CODE = YES;
				CLANG_WARN__DUPLICATE_METHOD_MATCH = YES;
				CODE_SIGN_IDENTITY = "iPhone Developer";
				COPY_PHASE_STRIP = NO;
				DEBUG_INFORMATION_FORMAT = dwarf;
				ENABLE_STRICT_OBJC_MSGSEND = YES;
				ENABLE_TESTABILITY = YES;
				GCC_C_LANGUAGE_STANDARD = gnu11;
				GCC_DYNAMIC_NO_PIC = NO;
				GCC_NO_COMMON_BLOCKS = YES;
				GCC_OPTIMIZATION_LEVEL = 0;
				GCC_PREPROCESSOR_DEFINITIONS = (
					"DEBUG=1",
					"$(inherited)",
				);
				GCC_WARN_64_TO_32_BIT_CONVERSION = YES;
				GCC_WARN_ABOUT_RETURN_TYPE = YES_ERROR;
				GCC_WARN_UNDECLARED_SELECTOR = YES;
				GCC_WARN_UNINITIALIZED_AUTOS = YES_AGGRESSIVE;
				GCC_WARN_UNUSED_FUNCTION = YES;
				GCC_WARN_UNUSED_VARIABLE = YES;
				IPHONEOS_DEPLOYMENT_TARGET = 11.4;
				MTL_ENABLE_DEBUG_INFO = YES;
				ONLY_ACTIVE_ARCH = YES;
				SDKROOT = iphoneos;
				SWIFT_ACTIVE_COMPILATION_CONDITIONS = DEBUG;
				SWIFT_OPTIMIZATION_LEVEL = "-Onone";
			};
			name = Debug;
		};
		FB70F3E0218B3C54008B9357 /* Release */ = {
			isa = XCBuildConfiguration;
			buildSettings = {
				ALWAYS_SEARCH_USER_PATHS = NO;
				CLANG_ANALYZER_NONNULL = YES;
				CLANG_ANALYZER_NUMBER_OBJECT_CONVERSION = YES_AGGRESSIVE;
				CLANG_CXX_LANGUAGE_STANDARD = "gnu++14";
				CLANG_CXX_LIBRARY = "libc++";
				CLANG_ENABLE_MODULES = YES;
				CLANG_ENABLE_OBJC_ARC = YES;
				CLANG_ENABLE_OBJC_WEAK = YES;
				CLANG_WARN_BLOCK_CAPTURE_AUTORELEASING = YES;
				CLANG_WARN_BOOL_CONVERSION = YES;
				CLANG_WARN_COMMA = YES;
				CLANG_WARN_CONSTANT_CONVERSION = YES;
				CLANG_WARN_DEPRECATED_OBJC_IMPLEMENTATIONS = YES;
				CLANG_WARN_DIRECT_OBJC_ISA_USAGE = YES_ERROR;
				CLANG_WARN_DOCUMENTATION_COMMENTS = YES;
				CLANG_WARN_EMPTY_BODY = YES;
				CLANG_WARN_ENUM_CONVERSION = YES;
				CLANG_WARN_INFINITE_RECURSION = YES;
				CLANG_WARN_INT_CONVERSION = YES;
				CLANG_WARN_NON_LITERAL_NULL_CONVERSION = YES;
				CLANG_WARN_OBJC_IMPLICIT_RETAIN_SELF = YES;
				CLANG_WARN_OBJC_LITERAL_CONVERSION = YES;
				CLANG_WARN_OBJC_ROOT_CLASS = YES_ERROR;
				CLANG_WARN_RANGE_LOOP_ANALYSIS = YES;
				CLANG_WARN_STRICT_PROTOTYPES = YES;
				CLANG_WARN_SUSPICIOUS_MOVE = YES;
				CLANG_WARN_UNGUARDED_AVAILABILITY = YES_AGGRESSIVE;
				CLANG_WARN_UNREACHABLE_CODE = YES;
				CLANG_WARN__DUPLICATE_METHOD_MATCH = YES;
				CODE_SIGN_IDENTITY = "iPhone Developer";
				COPY_PHASE_STRIP = NO;
				DEBUG_INFORMATION_FORMAT = "dwarf-with-dsym";
				ENABLE_NS_ASSERTIONS = NO;
				ENABLE_STRICT_OBJC_MSGSEND = YES;
				GCC_C_LANGUAGE_STANDARD = gnu11;
				GCC_NO_COMMON_BLOCKS = YES;
				GCC_WARN_64_TO_32_BIT_CONVERSION = YES;
				GCC_WARN_ABOUT_RETURN_TYPE = YES_ERROR;
				GCC_WARN_UNDECLARED_SELECTOR = YES;
				GCC_WARN_UNINITIALIZED_AUTOS = YES_AGGRESSIVE;
				GCC_WARN_UNUSED_FUNCTION = YES;
				GCC_WARN_UNUSED_VARIABLE = YES;
				IPHONEOS_DEPLOYMENT_TARGET = 11.4;
				MTL_ENABLE_DEBUG_INFO = NO;
				SDKROOT = iphoneos;
				SWIFT_COMPILATION_MODE = wholemodule;
				SWIFT_OPTIMIZATION_LEVEL = "-O";
				VALIDATE_PRODUCT = YES;
			};
			name = Release;
		};
		FB70F3E2218B3C54008B9357 /* Debug */ = {
			isa = XCBuildConfiguration;
			buildSettings = {
				ASSETCATALOG_COMPILER_APPICON_NAME = AppIcon;
				CODE_SIGN_STYLE = Automatic;
				INFOPLIST_FILE = "$(SRCROOT)/CreativityProject/Resources/Info.plist";
				LD_RUNPATH_SEARCH_PATHS = (
					"$(inherited)",
					"@executable_path/Frameworks",
				);
				PRODUCT_BUNDLE_IDENTIFIER = CTECH.CreativityProject;
				PRODUCT_NAME = "$(TARGET_NAME)";
				SWIFT_VERSION = 4.0;
				TARGETED_DEVICE_FAMILY = "1,2";
			};
			name = Debug;
		};
		FB70F3E3218B3C54008B9357 /* Release */ = {
			isa = XCBuildConfiguration;
			buildSettings = {
				ASSETCATALOG_COMPILER_APPICON_NAME = AppIcon;
				CODE_SIGN_STYLE = Automatic;
				INFOPLIST_FILE = "$(SRCROOT)/CreativityProject/Resources/Info.plist";
				LD_RUNPATH_SEARCH_PATHS = (
					"$(inherited)",
					"@executable_path/Frameworks",
				);
				PRODUCT_BUNDLE_IDENTIFIER = CTECH.CreativityProject;
				PRODUCT_NAME = "$(TARGET_NAME)";
				SWIFT_VERSION = 4.0;
				TARGETED_DEVICE_FAMILY = "1,2";
			};
			name = Release;
		};
/* End XCBuildConfiguration section */

/* Begin XCConfigurationList section */
		FB70F3CA218B3C4F008B9357 /* Build configuration list for PBXProject "CreativityProject" */ = {
			isa = XCConfigurationList;
			buildConfigurations = (
				FB70F3DF218B3C54008B9357 /* Debug */,
				FB70F3E0218B3C54008B9357 /* Release */,
			);
			defaultConfigurationIsVisible = 0;
			defaultConfigurationName = Release;
		};
		FB70F3E1218B3C54008B9357 /* Build configuration list for PBXNativeTarget "CreativityProject" */ = {
			isa = XCConfigurationList;
			buildConfigurations = (
				FB70F3E2218B3C54008B9357 /* Debug */,
				FB70F3E3218B3C54008B9357 /* Release */,
			);
			defaultConfigurationIsVisible = 0;
			defaultConfigurationName = Release;
		};
/* End XCConfigurationList section */
	};
	rootObject = FB70F3C7218B3C4F008B9357 /* Project object */;
}
